
Microsoft Visual Studio Solution File, Format Version 12.00
# Visual Studio 15
VisualStudioVersion = 15.0.28307.757
MinimumVisualStudioVersion = 10.0.40219.1
Project("{9A19103F-16F7-4668-BE54-9A1E7A4F7556}") = "EMS.Api", "EMS.Api\EMS.Api.csproj", "{3DC8D34F-339E-4751-BE46-6EACFDBAA1BC}"
EndProject
Project("{9A19103F-16F7-4668-BE54-9A1E7A4F7556}") = "EMS.Domain", "EMS.Domain\EMS.Domain.csproj", "{57A44FE0-75CD-4FC1-8B3C-6E37EB81F243}"
EndProject
Project("{2150E333-8FDC-42A3-9474-1A3956D46DE8}") = "EMS.Core", "EMS.Core", "{47489ACF-99BF-4072-B924-80193BB0E440}"
EndProject
Project("{9A19103F-16F7-4668-BE54-9A1E7A4F7556}") = "EMS.Application", "EMS.Application\EMS.Application.csproj", "{2DE346B8-CE26-46B0-A873-B254CA883F96}"
EndProject
Project("{2150E333-8FDC-42A3-9474-1A3956D46DE8}") = "EMS.Infrastructure", "EMS.Infrastructure", "{719E883E-98E6-46BE-BD08-0B4D960290E2}"
EndProject
Project("{9A19103F-16F7-4668-BE54-9A1E7A4F7556}") = "EMS.Infrastructure.Persistence", "EMS.Infrastructure.Persistence\EMS.Infrastructure.Persistence.csproj", "{D76B3FD6-9E19-4636-9856-B642D5D0ABC0}"
EndProject
Project("{9A19103F-16F7-4668-BE54-9A1E7A4F7556}") = "EMS.Infrastructure.Shared", "EMS.Infrastructure.Shared\EMS.Infrastructure.Shared.csproj", "{F9DC681F-6AC9-4289-AD30-0DA13F202BF1}"
EndProject
Project("{9A19103F-16F7-4668-BE54-9A1E7A4F7556}") = "IdentityServer4.PhoneNumberAuth", "IdentityServer4.PhoneNumberAuth\IdentityServer4.PhoneNumberAuth.csproj", "{60727DFB-40BE-4BD7-A3D9-117CB2577104}"
EndProject
Project("{FAE04EC0-301F-11D3-BF4B-00C04F79EFBC}") = "EMS.Infrastructure.IOC", "EMS.Infrastructure.IOC\EMS.Infrastructure.IOC.csproj", "{CCD9683D-1F0A-4EA2-A70E-44370CF1B187}"
EndProject
Global
	GlobalSection(SolutionConfigurationPlatforms) = preSolution
		Debug|Any CPU = Debug|Any CPU
		Release|Any CPU = Release|Any CPU
	EndGlobalSection
	GlobalSection(ProjectConfigurationPlatforms) = postSolution
		{3DC8D34F-339E-4751-BE46-6EACFDBAA1BC}.Debug|Any CPU.ActiveCfg = Debug|Any CPU
		{3DC8D34F-339E-4751-BE46-6EACFDBAA1BC}.Debug|Any CPU.Build.0 = Debug|Any CPU
		{3DC8D34F-339E-4751-BE46-6EACFDBAA1BC}.Release|Any CPU.ActiveCfg = Release|Any CPU
		{3DC8D34F-339E-4751-BE46-6EACFDBAA1BC}.Release|Any CPU.Build.0 = Release|Any CPU
		{57A44FE0-75CD-4FC1-8B3C-6E37EB81F243}.Debug|Any CPU.ActiveCfg = Debug|Any CPU
		{57A44FE0-75CD-4FC1-8B3C-6E37EB81F243}.Debug|Any CPU.Build.0 = Debug|Any CPU
		{57A44FE0-75CD-4FC1-8B3C-6E37EB81F243}.Release|Any CPU.ActiveCfg = Release|Any CPU
		{57A44FE0-75CD-4FC1-8B3C-6E37EB81F243}.Release|Any CPU.Build.0 = Release|Any CPU
		{2DE346B8-CE26-46B0-A873-B254CA883F96}.Debug|Any CPU.ActiveCfg = Debug|Any CPU
		{2DE346B8-CE26-46B0-A873-B254CA883F96}.Debug|Any CPU.Build.0 = Debug|Any CPU
		{2DE346B8-CE26-46B0-A873-B254CA883F96}.Release|Any CPU.ActiveCfg = Release|Any CPU
		{2DE346B8-CE26-46B0-A873-B254CA883F96}.Release|Any CPU.Build.0 = Release|Any CPU
		{D76B3FD6-9E19-4636-9856-B642D5D0ABC0}.Debug|Any CPU.ActiveCfg = Debug|Any CPU
		{D76B3FD6-9E19-4636-9856-B642D5D0ABC0}.Debug|Any CPU.Build.0 = Debug|Any CPU
		{D76B3FD6-9E19-4636-9856-B642D5D0ABC0}.Release|Any CPU.ActiveCfg = Release|Any CPU
		{D76B3FD6-9E19-4636-9856-B642D5D0ABC0}.Release|Any CPU.Build.0 = Release|Any CPU
		{F9DC681F-6AC9-4289-AD30-0DA13F202BF1}.Debug|Any CPU.ActiveCfg = Debug|Any CPU
		{F9DC681F-6AC9-4289-AD30-0DA13F202BF1}.Debug|Any CPU.Build.0 = Debug|Any CPU
		{F9DC681F-6AC9-4289-AD30-0DA13F202BF1}.Release|Any CPU.ActiveCfg = Release|Any CPU
		{F9DC681F-6AC9-4289-AD30-0DA13F202BF1}.Release|Any CPU.Build.0 = Release|Any CPU
		{60727DFB-40BE-4BD7-A3D9-117CB2577104}.Debug|Any CPU.ActiveCfg = Debug|Any CPU
		{60727DFB-40BE-4BD7-A3D9-117CB2577104}.Debug|Any CPU.Build.0 = Debug|Any CPU
		{60727DFB-40BE-4BD7-A3D9-117CB2577104}.Release|Any CPU.ActiveCfg = Release|Any CPU
		{60727DFB-40BE-4BD7-A3D9-117CB2577104}.Release|Any CPU.Build.0 = Release|Any CPU
		{CCD9683D-1F0A-4EA2-A70E-44370CF1B187}.Debug|Any CPU.ActiveCfg = Debug|Any CPU
		{CCD9683D-1F0A-4EA2-A70E-44370CF1B187}.Debug|Any CPU.Build.0 = Debug|Any CPU
		{CCD9683D-1F0A-4EA2-A70E-44370CF1B187}.Release|Any CPU.ActiveCfg = Release|Any CPU
		{CCD9683D-1F0A-4EA2-A70E-44370CF1B187}.Release|Any CPU.Build.0 = Release|Any CPU
	EndGlobalSection
	GlobalSection(SolutionProperties) = preSolution
		HideSolutionNode = FALSE
	EndGlobalSection
	GlobalSection(NestedProjects) = preSolution
		{57A44FE0-75CD-4FC1-8B3C-6E37EB81F243} = {47489ACF-99BF-4072-B924-80193BB0E440}
		{2DE346B8-CE26-46B0-A873-B254CA883F96} = {47489ACF-99BF-4072-B924-80193BB0E440}
		{D76B3FD6-9E19-4636-9856-B642D5D0ABC0} = {719E883E-98E6-46BE-BD08-0B4D960290E2}
		{F9DC681F-6AC9-4289-AD30-0DA13F202BF1} = {719E883E-98E6-46BE-BD08-0B4D960290E2}
		{CCD9683D-1F0A-4EA2-A70E-44370CF1B187} = {719E883E-98E6-46BE-BD08-0B4D960290E2}
	EndGlobalSection
	GlobalSection(ExtensibilityGlobals) = postSolution
		SolutionGuid = {887B70F0-95A2-459E-832E-0217024F78EF}
	EndGlobalSection
EndGlobal
